
Microsoft Visual Studio Solution File, Format Version 12.00
# Visual Studio Version 16
Project("{8BC9CEB8-8B4A-11D0-8D11-00A0C91BC942}") = "ALL_BUILD", "ALL_BUILD.vcxproj", "{58BA6F59-8580-3F33-8F8D-5C324F4F3576}"
	ProjectSection(ProjectDependencies) = postProject
		{9345DD1E-0A9A-3E7B-8BCE-C10C7FF01638} = {9345DD1E-0A9A-3E7B-8BCE-C10C7FF01638}
		{48934712-0733-3F51-8ECE-ECD39A68CE79} = {48934712-0733-3F51-8ECE-ECD39A68CE79}
		{20003C9A-888B-3577-81A4-57A893DD1C43} = {20003C9A-888B-3577-81A4-57A893DD1C43}
		{3AC16818-B373-3A8F-B9F4-66B237E71DED} = {3AC16818-B373-3A8F-B9F4-66B237E71DED}
		{60C9E04C-BE41-3B7A-AA03-F45B9548F0B4} = {60C9E04C-BE41-3B7A-AA03-F45B9548F0B4}
	EndProjectSection
EndProject
Project("{8BC9CEB8-8B4A-11D0-8D11-00A0C91BC942}") = "MyLibrary", "MyLibrary\MyLibrary.vcxproj", "{9345DD1E-0A9A-3E7B-8BCE-C10C7FF01638}"
	ProjectSection(ProjectDependencies) = postProject
		{20003C9A-888B-3577-81A4-57A893DD1C43} = {20003C9A-888B-3577-81A4-57A893DD1C43}
	EndProjectSection
EndProject
Project("{8BC9CEB8-8B4A-11D0-8D11-00A0C91BC942}") = "Polinoms", "Polinoms\Polinoms.vcxproj", "{48934712-0733-3F51-8ECE-ECD39A68CE79}"
	ProjectSection(ProjectDependencies) = postProject
		{9345DD1E-0A9A-3E7B-8BCE-C10C7FF01638} = {9345DD1E-0A9A-3E7B-8BCE-C10C7FF01638}
		{20003C9A-888B-3577-81A4-57A893DD1C43} = {20003C9A-888B-3577-81A4-57A893DD1C43}
	EndProjectSection
EndProject
Project("{8BC9CEB8-8B4A-11D0-8D11-00A0C91BC942}") = "ZERO_CHECK", "ZERO_CHECK.vcxproj", "{20003C9A-888B-3577-81A4-57A893DD1C43}"
	ProjectSection(ProjectDependencies) = postProject
	EndProjectSection
EndProject
Project("{8BC9CEB8-8B4A-11D0-8D11-00A0C91BC942}") = "gtest", "gtest\gtest.vcxproj", "{3AC16818-B373-3A8F-B9F4-66B237E71DED}"
	ProjectSection(ProjectDependencies) = postProject
		{20003C9A-888B-3577-81A4-57A893DD1C43} = {20003C9A-888B-3577-81A4-57A893DD1C43}
	EndProjectSection
EndProject
Project("{8BC9CEB8-8B4A-11D0-8D11-00A0C91BC942}") = "test", "test\test.vcxproj", "{60C9E04C-BE41-3B7A-AA03-F45B9548F0B4}"
	ProjectSection(ProjectDependencies) = postProject
		{9345DD1E-0A9A-3E7B-8BCE-C10C7FF01638} = {9345DD1E-0A9A-3E7B-8BCE-C10C7FF01638}
		{20003C9A-888B-3577-81A4-57A893DD1C43} = {20003C9A-888B-3577-81A4-57A893DD1C43}
		{3AC16818-B373-3A8F-B9F4-66B237E71DED} = {3AC16818-B373-3A8F-B9F4-66B237E71DED}
	EndProjectSection
EndProject
Global
	GlobalSection(SolutionConfigurationPlatforms) = preSolution
		Debug|x64 = Debug|x64
		Release|x64 = Release|x64
		MinSizeRel|x64 = MinSizeRel|x64
		RelWithDebInfo|x64 = RelWithDebInfo|x64
	EndGlobalSection
	GlobalSection(ProjectConfigurationPlatforms) = postSolution
		{58BA6F59-8580-3F33-8F8D-5C324F4F3576}.Debug|x64.ActiveCfg = Debug|x64
		{58BA6F59-8580-3F33-8F8D-5C324F4F3576}.Release|x64.ActiveCfg = Release|x64
		{58BA6F59-8580-3F33-8F8D-5C324F4F3576}.MinSizeRel|x64.ActiveCfg = MinSizeRel|x64
		{58BA6F59-8580-3F33-8F8D-5C324F4F3576}.RelWithDebInfo|x64.ActiveCfg = RelWithDebInfo|x64
		{9345DD1E-0A9A-3E7B-8BCE-C10C7FF01638}.Debug|x64.ActiveCfg = Debug|x64
		{9345DD1E-0A9A-3E7B-8BCE-C10C7FF01638}.Debug|x64.Build.0 = Debug|x64
		{9345DD1E-0A9A-3E7B-8BCE-C10C7FF01638}.Release|x64.ActiveCfg = Release|x64
		{9345DD1E-0A9A-3E7B-8BCE-C10C7FF01638}.Release|x64.Build.0 = Release|x64
		{9345DD1E-0A9A-3E7B-8BCE-C10C7FF01638}.MinSizeRel|x64.ActiveCfg = MinSizeRel|x64
		{9345DD1E-0A9A-3E7B-8BCE-C10C7FF01638}.MinSizeRel|x64.Build.0 = MinSizeRel|x64
		{9345DD1E-0A9A-3E7B-8BCE-C10C7FF01638}.RelWithDebInfo|x64.ActiveCfg = RelWithDebInfo|x64
		{9345DD1E-0A9A-3E7B-8BCE-C10C7FF01638}.RelWithDebInfo|x64.Build.0 = RelWithDebInfo|x64
		{48934712-0733-3F51-8ECE-ECD39A68CE79}.Debug|x64.ActiveCfg = Debug|x64
		{48934712-0733-3F51-8ECE-ECD39A68CE79}.Debug|x64.Build.0 = Debug|x64
		{48934712-0733-3F51-8ECE-ECD39A68CE79}.Release|x64.ActiveCfg = Release|x64
		{48934712-0733-3F51-8ECE-ECD39A68CE79}.Release|x64.Build.0 = Release|x64
		{48934712-0733-3F51-8ECE-ECD39A68CE79}.MinSizeRel|x64.ActiveCfg = MinSizeRel|x64
		{48934712-0733-3F51-8ECE-ECD39A68CE79}.MinSizeRel|x64.Build.0 = MinSizeRel|x64
		{48934712-0733-3F51-8ECE-ECD39A68CE79}.RelWithDebInfo|x64.ActiveCfg = RelWithDebInfo|x64
		{48934712-0733-3F51-8ECE-ECD39A68CE79}.RelWithDebInfo|x64.Build.0 = RelWithDebInfo|x64
		{20003C9A-888B-3577-81A4-57A893DD1C43}.Debug|x64.ActiveCfg = Debug|x64
		{20003C9A-888B-3577-81A4-57A893DD1C43}.Debug|x64.Build.0 = Debug|x64
		{20003C9A-888B-3577-81A4-57A893DD1C43}.Release|x64.ActiveCfg = Release|x64
		{20003C9A-888B-3577-81A4-57A893DD1C43}.Release|x64.Build.0 = Release|x64
		{20003C9A-888B-3577-81A4-57A893DD1C43}.MinSizeRel|x64.ActiveCfg = MinSizeRel|x64
		{20003C9A-888B-3577-81A4-57A893DD1C43}.MinSizeRel|x64.Build.0 = MinSizeRel|x64
		{20003C9A-888B-3577-81A4-57A893DD1C43}.RelWithDebInfo|x64.ActiveCfg = RelWithDebInfo|x64
		{20003C9A-888B-3577-81A4-57A893DD1C43}.RelWithDebInfo|x64.Build.0 = RelWithDebInfo|x64
		{3AC16818-B373-3A8F-B9F4-66B237E71DED}.Debug|x64.ActiveCfg = Debug|x64
		{3AC16818-B373-3A8F-B9F4-66B237E71DED}.Debug|x64.Build.0 = Debug|x64
		{3AC16818-B373-3A8F-B9F4-66B237E71DED}.Release|x64.ActiveCfg = Release|x64
		{3AC16818-B373-3A8F-B9F4-66B237E71DED}.Release|x64.Build.0 = Release|x64
		{3AC16818-B373-3A8F-B9F4-66B237E71DED}.MinSizeRel|x64.ActiveCfg = MinSizeRel|x64
		{3AC16818-B373-3A8F-B9F4-66B237E71DED}.MinSizeRel|x64.Build.0 = MinSizeRel|x64
		{3AC16818-B373-3A8F-B9F4-66B237E71DED}.RelWithDebInfo|x64.ActiveCfg = RelWithDebInfo|x64
		{3AC16818-B373-3A8F-B9F4-66B237E71DED}.RelWithDebInfo|x64.Build.0 = RelWithDebInfo|x64
		{60C9E04C-BE41-3B7A-AA03-F45B9548F0B4}.Debug|x64.ActiveCfg = Debug|x64
		{60C9E04C-BE41-3B7A-AA03-F45B9548F0B4}.Debug|x64.Build.0 = Debug|x64
		{60C9E04C-BE41-3B7A-AA03-F45B9548F0B4}.Release|x64.ActiveCfg = Release|x64
		{60C9E04C-BE41-3B7A-AA03-F45B9548F0B4}.Release|x64.Build.0 = Release|x64
		{60C9E04C-BE41-3B7A-AA03-F45B9548F0B4}.MinSizeRel|x64.ActiveCfg = MinSizeRel|x64
		{60C9E04C-BE41-3B7A-AA03-F45B9548F0B4}.MinSizeRel|x64.Build.0 = MinSizeRel|x64
		{60C9E04C-BE41-3B7A-AA03-F45B9548F0B4}.RelWithDebInfo|x64.ActiveCfg = RelWithDebInfo|x64
		{60C9E04C-BE41-3B7A-AA03-F45B9548F0B4}.RelWithDebInfo|x64.Build.0 = RelWithDebInfo|x64
	EndGlobalSection
	GlobalSection(ExtensibilityGlobals) = postSolution
		SolutionGuid = {34E2EBD1-4B4E-3F9C-85DC-606B1D6F4157}
	EndGlobalSection
	GlobalSection(ExtensibilityAddIns) = postSolution
	EndGlobalSection
EndGlobal
